
Microsoft Visual Studio Solution File, Format Version 12.00
# Visual Studio Version 17
VisualStudioVersion = 17.4.33213.308
MinimumVisualStudioVersion = 10.0.40219.1
Project("{9A19103F-16F7-4668-BE54-9A1E7A4F7556}") = "SimpleBlogSystem", "SimpleBlogSystem.csproj", "{CF7E59BF-D8ED-4315-A183-62B77C576316}"
EndProject
Project("{2150E333-8FDC-42A3-9474-1A3956D46DE8}") = "Solution Items", "Solution Items", "{9A06EDD3-6122-4000-AFA7-55CE13C37657}"
	ProjectSection(SolutionItems) = preProject
		.editorconfig = .editorconfig
	EndProjectSection
EndProject
Global
	GlobalSection(SolutionConfigurationPlatforms) = preSolution
		Debug|Any CPU = Debug|Any CPU
		Release|Any CPU = Release|Any CPU
	EndGlobalSection
	GlobalSection(ProjectConfigurationPlatforms) = postSolution
		{CF7E59BF-D8ED-4315-A183-62B77C576316}.Debug|Any CPU.ActiveCfg = Debug|Any CPU
		{CF7E59BF-D8ED-4315-A183-62B77C576316}.Debug|Any CPU.Build.0 = Debug|Any CPU
		{CF7E59BF-D8ED-4315-A183-62B77C576316}.Release|Any CPU.ActiveCfg = Release|Any CPU
		{CF7E59BF-D8ED-4315-A183-62B77C576316}.Release|Any CPU.Build.0 = Release|Any CPU
	EndGlobalSection
	GlobalSection(SolutionProperties) = preSolution
		HideSolutionNode = FALSE
	EndGlobalSection
	GlobalSection(ExtensibilityGlobals) = postSolution
		SolutionGuid = {8820DE16-A77F-43E8-B399-E4C8E50D92B8}
	EndGlobalSection
EndGlobal
